// !$*UTF8*$!
{
	archiveVersion = 1;
	classes = {
	};
	objectVersion = 48;
	objects = {

/* Begin PBXBuildFile section */
		A0B4FC08AFF2072BB015A8F0 /* libPods-CDAdsSample.a in Frameworks */ = {isa = PBXBuildFile; fileRef = 53501DC0A59EC9D042E6CD91 /* libPods-CDAdsSample.a */; };
		E7D39612200242A40021EDFB /* AppDelegate.m in Sources */ = {isa = PBXBuildFile; fileRef = E7D39611200242A40021EDFB /* AppDelegate.m */; };
		E7D39615200242A40021EDFB /* ViewController.m in Sources */ = {isa = PBXBuildFile; fileRef = E7D39614200242A40021EDFB /* ViewController.m */; };
		E7D39618200242A40021EDFB /* Main.storyboard in Resources */ = {isa = PBXBuildFile; fileRef = E7D39616200242A40021EDFB /* Main.storyboard */; };
		E7D3961A200242A40021EDFB /* Assets.xcassets in Resources */ = {isa = PBXBuildFile; fileRef = E7D39619200242A40021EDFB /* Assets.xcassets */; };
		E7D3961D200242A40021EDFB /* LaunchScreen.storyboard in Resources */ = {isa = PBXBuildFile; fileRef = E7D3961B200242A40021EDFB /* LaunchScreen.storyboard */; };
		E7D39620200242A40021EDFB /* main.m in Sources */ = {isa = PBXBuildFile; fileRef = E7D3961F200242A40021EDFB /* main.m */; };
/* End PBXBuildFile section */

/* Begin PBXFileReference section */
		252CE8BE364EA86837BB90CE /* Pods-CDAdsSample.debug.xcconfig */ = {isa = PBXFileReference; includeInIndex = 1; lastKnownFileType = text.xcconfig; name = "Pods-CDAdsSample.debug.xcconfig"; path = "Pods/Target Support Files/Pods-CDAdsSample/Pods-CDAdsSample.debug.xcconfig"; sourceTree = "<group>"; };
		53501DC0A59EC9D042E6CD91 /* libPods-CDAdsSample.a */ = {isa = PBXFileReference; explicitFileType = archive.ar; includeInIndex = 0; path = "libPods-CDAdsSample.a"; sourceTree = BUILT_PRODUCTS_DIR; };
		821420E60F2E036882BC1EC8 /* Pods-CDAdsSample.release.xcconfig */ = {isa = PBXFileReference; includeInIndex = 1; lastKnownFileType = text.xcconfig; name = "Pods-CDAdsSample.release.xcconfig"; path = "Pods/Target Support Files/Pods-CDAdsSample/Pods-CDAdsSample.release.xcconfig"; sourceTree = "<group>"; };
		E7D3960D200242A40021EDFB /* CDAdsSample.app */ = {isa = PBXFileReference; explicitFileType = wrapper.application; includeInIndex = 0; path = CDAdsSample.app; sourceTree = BUILT_PRODUCTS_DIR; };
		E7D39610200242A40021EDFB /* AppDelegate.h */ = {isa = PBXFileReference; lastKnownFileType = sourcecode.c.h; path = AppDelegate.h; sourceTree = "<group>"; };
		E7D39611200242A40021EDFB /* AppDelegate.m */ = {isa = PBXFileReference; lastKnownFileType = sourcecode.c.objc; path = AppDelegate.m; sourceTree = "<group>"; };
		E7D39613200242A40021EDFB /* ViewController.h */ = {isa = PBXFileReference; lastKnownFileType = sourcecode.c.h; path = ViewController.h; sourceTree = "<group>"; };
		E7D39614200242A40021EDFB /* ViewController.m */ = {isa = PBXFileReference; lastKnownFileType = sourcecode.c.objc; path = ViewController.m; sourceTree = "<group>"; };
		E7D39617200242A40021EDFB /* Base */ = {isa = PBXFileReference; lastKnownFileType = file.storyboard; name = Base; path = Base.lproj/Main.storyboard; sourceTree = "<group>"; };
		E7D39619200242A40021EDFB /* Assets.xcassets */ = {isa = PBXFileReference; lastKnownFileType = folder.assetcatalog; path = Assets.xcassets; sourceTree = "<group>"; };
		E7D3961C200242A40021EDFB /* Base */ = {isa = PBXFileReference; lastKnownFileType = file.storyboard; name = Base; path = Base.lproj/LaunchScreen.storyboard; sourceTree = "<group>"; };
		E7D3961E200242A40021EDFB /* Info.plist */ = {isa = PBXFileReference; lastKnownFileType = text.plist.xml; path = Info.plist; sourceTree = "<group>"; };
		E7D3961F200242A40021EDFB /* main.m */ = {isa = PBXFileReference; lastKnownFileType = sourcecode.c.objc; path = main.m; sourceTree = "<group>"; };
/* End PBXFileReference section */

/* Begin PBXFrameworksBuildPhase section */
		E7D3960A200242A40021EDFB /* Frameworks */ = {
			isa = PBXFrameworksBuildPhase;
			buildActionMask = 2147483647;
			files = (
				A0B4FC08AFF2072BB015A8F0 /* libPods-CDAdsSample.a in Frameworks */,
			);
			runOnlyForDeploymentPostprocessing = 0;
		};
/* End PBXFrameworksBuildPhase section */

/* Begin PBXGroup section */
		734A00B98B101926E371831B /* Frameworks */ = {
			isa = PBXGroup;
			children = (
				53501DC0A59EC9D042E6CD91 /* libPods-CDAdsSample.a */,
			);
			name = Frameworks;
			sourceTree = "<group>";
		};
		C3DBCD8B425FB6EFE4824F5B /* Pods */ = {
			isa = PBXGroup;
			children = (
				252CE8BE364EA86837BB90CE /* Pods-CDAdsSample.debug.xcconfig */,
				821420E60F2E036882BC1EC8 /* Pods-CDAdsSample.release.xcconfig */,
			);
			name = Pods;
			sourceTree = "<group>";
		};
		E7D39604200242A40021EDFB = {
			isa = PBXGroup;
			children = (
				E7D3960F200242A40021EDFB /* CDAdsSample */,
				E7D3960E200242A40021EDFB /* Products */,
				C3DBCD8B425FB6EFE4824F5B /* Pods */,
				734A00B98B101926E371831B /* Frameworks */,
			);
			sourceTree = "<group>";
		};
		E7D3960E200242A40021EDFB /* Products */ = {
			isa = PBXGroup;
			children = (
				E7D3960D200242A40021EDFB /* CDAdsSample.app */,
			);
			name = Products;
			sourceTree = "<group>";
		};
		E7D3960F200242A40021EDFB /* CDAdsSample */ = {
			isa = PBXGroup;
			children = (
				E7D39610200242A40021EDFB /* AppDelegate.h */,
				E7D39611200242A40021EDFB /* AppDelegate.m */,
				E7D39613200242A40021EDFB /* ViewController.h */,
				E7D39614200242A40021EDFB /* ViewController.m */,
				E7D39616200242A40021EDFB /* Main.storyboard */,
				E7D39619200242A40021EDFB /* Assets.xcassets */,
				E7D3961B200242A40021EDFB /* LaunchScreen.storyboard */,
				E7D3961E200242A40021EDFB /* Info.plist */,
				E7D3961F200242A40021EDFB /* main.m */,
			);
			path = CDAdsSample;
			sourceTree = "<group>";
		};
/* End PBXGroup section */

/* Begin PBXNativeTarget section */
		E7D3960C200242A40021EDFB /* CDAdsSample */ = {
			isa = PBXNativeTarget;
			buildConfigurationList = E7D39623200242A40021EDFB /* Build configuration list for PBXNativeTarget "CDAdsSample" */;
			buildPhases = (
				AF70EFD68AA2441FD8B63575 /* [CP] Check Pods Manifest.lock */,
				E7D39609200242A40021EDFB /* Sources */,
				E7D3960A200242A40021EDFB /* Frameworks */,
				E7D3960B200242A40021EDFB /* Resources */,
				D2666889AD6D99B6D78F2927 /* [CP] Copy Pods Resources */,
			);
			buildRules = (
			);
			dependencies = (
			);
			name = CDAdsSample;
			productName = CDAdsExample;
			productReference = E7D3960D200242A40021EDFB /* CDAdsSample.app */;
			productType = "com.apple.product-type.application";
		};
/* End PBXNativeTarget section */

/* Begin PBXProject section */
		E7D39605200242A40021EDFB /* Project object */ = {
			isa = PBXProject;
			attributes = {
				LastUpgradeCheck = 1010;
				ORGANIZATIONNAME = "Arun Gupta";
				TargetAttributes = {
					E7D3960C200242A40021EDFB = {
						CreatedOnToolsVersion = 9.1;
						ProvisioningStyle = Automatic;
						SystemCapabilities = {
							com.apple.BackgroundModes = {
								enabled = 1;
							};
						};
					};
				};
			};
			buildConfigurationList = E7D39608200242A40021EDFB /* Build configuration list for PBXProject "CDAdsSample" */;
			compatibilityVersion = "Xcode 8.0";
			developmentRegion = en;
			hasScannedForEncodings = 0;
			knownRegions = (
				en,
				Base,
			);
			mainGroup = E7D39604200242A40021EDFB;
			productRefGroup = E7D3960E200242A40021EDFB /* Products */;
			projectDirPath = "";
			projectRoot = "";
			targets = (
				E7D3960C200242A40021EDFB /* CDAdsSample */,
			);
		};
/* End PBXProject section */

/* Begin PBXResourcesBuildPhase section */
		E7D3960B200242A40021EDFB /* Resources */ = {
			isa = PBXResourcesBuildPhase;
			buildActionMask = 2147483647;
			files = (
				E7D3961D200242A40021EDFB /* LaunchScreen.storyboard in Resources */,
				E7D3961A200242A40021EDFB /* Assets.xcassets in Resources */,
				E7D39618200242A40021EDFB /* Main.storyboard in Resources */,
			);
			runOnlyForDeploymentPostprocessing = 0;
		};
/* End PBXResourcesBuildPhase section */

/* Begin PBXShellScriptBuildPhase section */
		AF70EFD68AA2441FD8B63575 /* [CP] Check Pods Manifest.lock */ = {
			isa = PBXShellScriptBuildPhase;
			buildActionMask = 2147483647;
			files = (
			);
			inputPaths = (
				"${PODS_PODFILE_DIR_PATH}/Podfile.lock",
				"${PODS_ROOT}/Manifest.lock",
			);
			name = "[CP] Check Pods Manifest.lock";
			outputPaths = (
				"$(DERIVED_FILE_DIR)/Pods-CDAdsSample-checkManifestLockResult.txt",
			);
			runOnlyForDeploymentPostprocessing = 0;
			shellPath = /bin/sh;
			shellScript = "diff \"${PODS_PODFILE_DIR_PATH}/Podfile.lock\" \"${PODS_ROOT}/Manifest.lock\" > /dev/null\nif [ $? != 0 ] ; then\n    # print error to STDERR\n    echo \"error: The sandbox is not in sync with the Podfile.lock. Run 'pod install' or update your CocoaPods installation.\" >&2\n    exit 1\nfi\n# This output is used by Xcode 'outputs' to avoid re-running this script phase.\necho \"SUCCESS\" > \"${SCRIPT_OUTPUT_FILE_0}\"\n";
			showEnvVarsInLog = 0;
		};
		D2666889AD6D99B6D78F2927 /* [CP] Copy Pods Resources */ = {
			isa = PBXShellScriptBuildPhase;
			buildActionMask = 2147483647;
			files = (
			);
			inputFileListPaths = (
			);
			inputPaths = (
				"${SRCROOT}/Pods/Target Support Files/Pods-CDAdsSample/Pods-CDAdsSample-resources.sh",
				"${PODS_ROOT}/Chalkdigital-Mobile-Ads-SDK/CDAds.framework/CDAdsBundle.bundle",
				"${PODS_ROOT}/Chalkdigital-Mobile-Ads-SDK/CDAds.framework/MRAID.bundle",
			);
			name = "[CP] Copy Pods Resources";
			outputFileListPaths = (
			);
			outputPaths = (
				"${TARGET_BUILD_DIR}/${UNLOCALIZED_RESOURCES_FOLDER_PATH}/CDAdsBundle.bundle",
				"${TARGET_BUILD_DIR}/${UNLOCALIZED_RESOURCES_FOLDER_PATH}/MRAID.bundle",
			);
			runOnlyForDeploymentPostprocessing = 0;
			shellPath = /bin/sh;
			shellScript = "\"${SRCROOT}/Pods/Target Support Files/Pods-CDAdsSample/Pods-CDAdsSample-resources.sh\"\n";
			showEnvVarsInLog = 0;
		};
/* End PBXShellScriptBuildPhase section */

/* Begin PBXSourcesBuildPhase section */
		E7D39609200242A40021EDFB /* Sources */ = {
			isa = PBXSourcesBuildPhase;
			buildActionMask = 2147483647;
			files = (
				E7D39615200242A40021EDFB /* ViewController.m in Sources */,
				E7D39620200242A40021EDFB /* main.m in Sources */,
				E7D39612200242A40021EDFB /* AppDelegate.m in Sources */,
			);
			runOnlyForDeploymentPostprocessing = 0;
		};
/* End PBXSourcesBuildPhase section */

/* Begin PBXVariantGroup section */
		E7D39616200242A40021EDFB /* Main.storyboard */ = {
			isa = PBXVariantGroup;
			children = (
				E7D39617200242A40021EDFB /* Base */,
			);
			name = Main.storyboard;
			sourceTree = "<group>";
		};
		E7D3961B200242A40021EDFB /* LaunchScreen.storyboard */ = {
			isa = PBXVariantGroup;
			children = (
				E7D3961C200242A40021EDFB /* Base */,
			);
			name = LaunchScreen.storyboard;
			sourceTree = "<group>";
		};
/* End PBXVariantGroup section */

/* Begin XCBuildConfiguration section */
		E7D39621200242A40021EDFB /* Debug */ = {
			isa = XCBuildConfiguration;
			buildSettings = {
				ALWAYS_SEARCH_USER_PATHS = NO;
				CLANG_ANALYZER_NONNULL = YES;
				CLANG_ANALYZER_NUMBER_OBJECT_CONVERSION = YES_AGGRESSIVE;
				CLANG_CXX_LANGUAGE_STANDARD = "gnu++14";
				CLANG_CXX_LIBRARY = "libc++";
				CLANG_ENABLE_MODULES = YES;
				CLANG_ENABLE_OBJC_ARC = YES;
				CLANG_WARN_BLOCK_CAPTURE_AUTORELEASING = YES;
				CLANG_WARN_BOOL_CONVERSION = YES;
				CLANG_WARN_COMMA = YES;
				CLANG_WARN_CONSTANT_CONVERSION = YES;
				CLANG_WARN_DEPRECATED_OBJC_IMPLEMENTATIONS = YES;
				CLANG_WARN_DIRECT_OBJC_ISA_USAGE = YES_ERROR;
				CLANG_WARN_DOCUMENTATION_COMMENTS = YES;
				CLANG_WARN_EMPTY_BODY = YES;
				CLANG_WARN_ENUM_CONVERSION = YES;
				CLANG_WARN_INFINITE_RECURSION = YES;
				CLANG_WARN_INT_CONVERSION = YES;
				CLANG_WARN_NON_LITERAL_NULL_CONVERSION = YES;
				CLANG_WARN_OBJC_IMPLICIT_RETAIN_SELF = YES;
				CLANG_WARN_OBJC_LITERAL_CONVERSION = YES;
				CLANG_WARN_OBJC_ROOT_CLASS = YES_ERROR;
				CLANG_WARN_RANGE_LOOP_ANALYSIS = YES;
				CLANG_WARN_STRICT_PROTOTYPES = YES;
				CLANG_WARN_SUSPICIOUS_MOVE = YES;
				CLANG_WARN_UNGUARDED_AVAILABILITY = YES_AGGRESSIVE;
				CLANG_WARN_UNREACHABLE_CODE = YES;
				CLANG_WARN__DUPLICATE_METHOD_MATCH = YES;
				CODE_SIGN_IDENTITY = "iPhone Developer";
				COPY_PHASE_STRIP = NO;
				DEBUG_INFORMATION_FORMAT = dwarf;
				ENABLE_STRICT_OBJC_MSGSEND = YES;
				ENABLE_TESTABILITY = YES;
				GCC_C_LANGUAGE_STANDARD = gnu11;
				GCC_DYNAMIC_NO_PIC = NO;
				GCC_NO_COMMON_BLOCKS = YES;
				GCC_OPTIMIZATION_LEVEL = 0;
				GCC_PREPROCESSOR_DEFINITIONS = (
					"DEBUG=1",
					"$(inherited)",
				);
				GCC_WARN_64_TO_32_BIT_CONVERSION = YES;
				GCC_WARN_ABOUT_RETURN_TYPE = YES_ERROR;
				GCC_WARN_UNDECLARED_SELECTOR = YES;
				GCC_WARN_UNINITIALIZED_AUTOS = YES_AGGRESSIVE;
				GCC_WARN_UNUSED_FUNCTION = YES;
				GCC_WARN_UNUSED_VARIABLE = YES;
				IPHONEOS_DEPLOYMENT_TARGET = 8.1;
				MTL_ENABLE_DEBUG_INFO = YES;
				ONLY_ACTIVE_ARCH = YES;
				SDKROOT = iphoneos;
			};
			name = Debug;
		};
		E7D39622200242A40021EDFB /* Release */ = {
			isa = XCBuildConfiguration;
			buildSettings = {
				ALWAYS_SEARCH_USER_PATHS = NO;
				CLANG_ANALYZER_NONNULL = YES;
				CLANG_ANALYZER_NUMBER_OBJECT_CONVERSION = YES_AGGRESSIVE;
				CLANG_CXX_LANGUAGE_STANDARD = "gnu++14";
				CLANG_CXX_LIBRARY = "libc++";
				CLANG_ENABLE_MODULES = YES;
				CLANG_ENABLE_OBJC_ARC = YES;
				CLANG_WARN_BLOCK_CAPTURE_AUTORELEASING = YES;
				CLANG_WARN_BOOL_CONVERSION = YES;
				CLANG_WARN_COMMA = YES;
				CLANG_WARN_CONSTANT_CONVERSION = YES;
				CLANG_WARN_DEPRECATED_OBJC_IMPLEMENTATIONS = YES;
				CLANG_WARN_DIRECT_OBJC_ISA_USAGE = YES_ERROR;
				CLANG_WARN_DOCUMENTATION_COMMENTS = YES;
				CLANG_WARN_EMPTY_BODY = YES;
				CLANG_WARN_ENUM_CONVERSION = YES;
				CLANG_WARN_INFINITE_RECURSION = YES;
				CLANG_WARN_INT_CONVERSION = YES;
				CLANG_WARN_NON_LITERAL_NULL_CONVERSION = YES;
				CLANG_WARN_OBJC_IMPLICIT_RETAIN_SELF = YES;
				CLANG_WARN_OBJC_LITERAL_CONVERSION = YES;
				CLANG_WARN_OBJC_ROOT_CLASS = YES_ERROR;
				CLANG_WARN_RANGE_LOOP_ANALYSIS = YES;
				CLANG_WARN_STRICT_PROTOTYPES = YES;
				CLANG_WARN_SUSPICIOUS_MOVE = YES;
				CLANG_WARN_UNGUARDED_AVAILABILITY = YES_AGGRESSIVE;
				CLANG_WARN_UNREACHABLE_CODE = YES;
				CLANG_WARN__DUPLICATE_METHOD_MATCH = YES;
				CODE_SIGN_IDENTITY = "iPhone Developer";
				COPY_PHASE_STRIP = NO;
				DEBUG_INFORMATION_FORMAT = "dwarf-with-dsym";
				ENABLE_NS_ASSERTIONS = NO;
				ENABLE_STRICT_OBJC_MSGSEND = YES;
				GCC_C_LANGUAGE_STANDARD = gnu11;
				GCC_NO_COMMON_BLOCKS = YES;
				GCC_WARN_64_TO_32_BIT_CONVERSION = YES;
				GCC_WARN_ABOUT_RETURN_TYPE = YES_ERROR;
				GCC_WARN_UNDECLARED_SELECTOR = YES;
				GCC_WARN_UNINITIALIZED_AUTOS = YES_AGGRESSIVE;
				GCC_WARN_UNUSED_FUNCTION = YES;
				GCC_WARN_UNUSED_VARIABLE = YES;
				IPHONEOS_DEPLOYMENT_TARGET = 8.1;
				MTL_ENABLE_DEBUG_INFO = NO;
				SDKROOT = iphoneos;
				VALIDATE_PRODUCT = YES;
			};
			name = Release;
		};
		E7D39624200242A40021EDFB /* Debug */ = {
			isa = XCBuildConfiguration;
			baseConfigurationReference = 252CE8BE364EA86837BB90CE /* Pods-CDAdsSample.debug.xcconfig */;
			buildSettings = {
				ASSETCATALOG_COMPILER_APPICON_NAME = AppIcon;
				CODE_SIGN_STYLE = Automatic;
				DEVELOPMENT_TEAM = CCNC55M6P5;
				FRAMEWORK_SEARCH_PATHS = (
					"$(inherited)",
					"$(PROJECT_DIR)",
				);
				INFOPLIST_FILE = CDAdsSample/Info.plist;
				IPHONEOS_DEPLOYMENT_TARGET = 8.1;
				LD_RUNPATH_SEARCH_PATHS = "$(inherited) @executable_path/Frameworks";
				PRODUCT_BUNDLE_IDENTIFIER = com.chalkdigital.ios.CDAdsSample;
				PRODUCT_NAME = "$(TARGET_NAME)";
				STRINGS_FILE_OUTPUT_ENCODING = binary;
				TARGETED_DEVICE_FAMILY = "1,2";
			};
			name = Debug;
		};
		E7D39625200242A40021EDFB /* Release */ = {
			isa = XCBuildConfiguration;
			baseConfigurationReference = 821420E60F2E036882BC1EC8 /* Pods-CDAdsSample.release.xcconfig */;
			buildSettings = {
				ASSETCATALOG_COMPILER_APPICON_NAME = AppIcon;
				CODE_SIGN_STYLE = Automatic;
				COPY_PHASE_STRIP = YES;
				DEVELOPMENT_TEAM = CCNC55M6P5;
				FRAMEWORK_SEARCH_PATHS = (
					"$(inherited)",
					"$(PROJECT_DIR)",
				);
				INFOPLIST_FILE = CDAdsSample/Info.plist;
				IPHONEOS_DEPLOYMENT_TARGET = 8.1;
				LD_RUNPATH_SEARCH_PATHS = "$(inherited) @executable_path/Frameworks";
				PRODUCT_BUNDLE_IDENTIFIER = com.chalkdigital.ios.CDAdsSample;
				PRODUCT_NAME = "$(TARGET_NAME)";
				STRINGS_FILE_OUTPUT_ENCODING = binary;
				TARGETED_DEVICE_FAMILY = "1,2";
			};
			name = Release;
		};
/* End XCBuildConfiguration section */

/* Begin XCConfigurationList section */
		E7D39608200242A40021EDFB /* Build configuration list for PBXProject "CDAdsSample" */ = {
			isa = XCConfigurationList;
			buildConfigurations = (
				E7D39621200242A40021EDFB /* Debug */,
				E7D39622200242A40021EDFB /* Release */,
			);
			defaultConfigurationIsVisible = 0;
			defaultConfigurationName = Release;
		};
		E7D39623200242A40021EDFB /* Build configuration list for PBXNativeTarget "CDAdsSample" */ = {
			isa = XCConfigurationList;
			buildConfigurations = (
				E7D39624200242A40021EDFB /* Debug */,
				E7D39625200242A40021EDFB /* Release */,
			);
			defaultConfigurationIsVisible = 0;
			defaultConfigurationName = Release;
		};
/* End XCConfigurationList section */
	};
	rootObject = E7D39605200242A40021EDFB /* Project object */;
}
